
Microsoft Visual Studio Solution File, Format Version 12.00
# Visual Studio Version 17
VisualStudioVersion = 17.7.34024.191
MinimumVisualStudioVersion = 10.0.40219.1
Project("{9A19103F-16F7-4668-BE54-9A1E7A4F7556}") = "Hidrolik.API", "TaskAssignment.API\Hidrolik.API.csproj", "{3310CBFD-43D8-4078-8165-C042DB856CE3}"
EndProject
Project("{9A19103F-16F7-4668-BE54-9A1E7A4F7556}") = "Hidrolik.Core", "TaskAssignment.Core\Hidrolik.Core.csproj", "{B2F90DD2-CBD4-4458-B29E-1FC631A60B04}"
EndProject
Project("{9A19103F-16F7-4668-BE54-9A1E7A4F7556}") = "Hidrolik.Application", "TaskAssignmentServer.Application\Hidrolik.Application.csproj", "{945892B1-E34C-4E7D-A266-9BCF77547279}"
EndProject
Project("{9A19103F-16F7-4668-BE54-9A1E7A4F7556}") = "Hidrolik.Domain", "TaskAssignmentServer.Domain\Hidrolik.Domain.csproj", "{17ED159D-4280-4C55-B696-16A93E2DEF7F}"
EndProject
Project("{9A19103F-16F7-4668-BE54-9A1E7A4F7556}") = "Hidrolik.Persistance", "TaskAssignmentServer.Persistance\Hidrolik.Persistance.csproj", "{27F499F8-A43B-4A41-85AB-2D1AA1DA3E13}"
EndProject
Global
	GlobalSection(SolutionConfigurationPlatforms) = preSolution
		Debug|Any CPU = Debug|Any CPU
		Release|Any CPU = Release|Any CPU
	EndGlobalSection
	GlobalSection(ProjectConfigurationPlatforms) = postSolution
		{3310CBFD-43D8-4078-8165-C042DB856CE3}.Debug|Any CPU.ActiveCfg = Debug|Any CPU
		{3310CBFD-43D8-4078-8165-C042DB856CE3}.Debug|Any CPU.Build.0 = Debug|Any CPU
		{3310CBFD-43D8-4078-8165-C042DB856CE3}.Release|Any CPU.ActiveCfg = Release|Any CPU
		{3310CBFD-43D8-4078-8165-C042DB856CE3}.Release|Any CPU.Build.0 = Release|Any CPU
		{B2F90DD2-CBD4-4458-B29E-1FC631A60B04}.Debug|Any CPU.ActiveCfg = Debug|Any CPU
		{B2F90DD2-CBD4-4458-B29E-1FC631A60B04}.Debug|Any CPU.Build.0 = Debug|Any CPU
		{B2F90DD2-CBD4-4458-B29E-1FC631A60B04}.Release|Any CPU.ActiveCfg = Release|Any CPU
		{B2F90DD2-CBD4-4458-B29E-1FC631A60B04}.Release|Any CPU.Build.0 = Release|Any CPU
		{945892B1-E34C-4E7D-A266-9BCF77547279}.Debug|Any CPU.ActiveCfg = Debug|Any CPU
		{945892B1-E34C-4E7D-A266-9BCF77547279}.Debug|Any CPU.Build.0 = Debug|Any CPU
		{945892B1-E34C-4E7D-A266-9BCF77547279}.Release|Any CPU.ActiveCfg = Release|Any CPU
		{945892B1-E34C-4E7D-A266-9BCF77547279}.Release|Any CPU.Build.0 = Release|Any CPU
		{17ED159D-4280-4C55-B696-16A93E2DEF7F}.Debug|Any CPU.ActiveCfg = Debug|Any CPU
		{17ED159D-4280-4C55-B696-16A93E2DEF7F}.Debug|Any CPU.Build.0 = Debug|Any CPU
		{17ED159D-4280-4C55-B696-16A93E2DEF7F}.Release|Any CPU.ActiveCfg = Release|Any CPU
		{17ED159D-4280-4C55-B696-16A93E2DEF7F}.Release|Any CPU.Build.0 = Release|Any CPU
		{27F499F8-A43B-4A41-85AB-2D1AA1DA3E13}.Debug|Any CPU.ActiveCfg = Debug|Any CPU
		{27F499F8-A43B-4A41-85AB-2D1AA1DA3E13}.Debug|Any CPU.Build.0 = Debug|Any CPU
		{27F499F8-A43B-4A41-85AB-2D1AA1DA3E13}.Release|Any CPU.ActiveCfg = Release|Any CPU
		{27F499F8-A43B-4A41-85AB-2D1AA1DA3E13}.Release|Any CPU.Build.0 = Release|Any CPU
	EndGlobalSection
	GlobalSection(SolutionProperties) = preSolution
		HideSolutionNode = FALSE
	EndGlobalSection
	GlobalSection(ExtensibilityGlobals) = postSolution
		SolutionGuid = {646791CD-12EB-45EC-BAE3-B65637DD8795}
	EndGlobalSection
EndGlobal
